{
  "version": 4,
  "terraform_version": "0.12.19",
  "serial": 14,
  "lineage": "edec9f22-2346-e6a0-041e-b62718000a3f",
  "outputs": {
    "main_vpc": {
      "value": "vpc-06d1fc6431019f6fe",
      "type": "string"
    },
    "public_subnet_az1_output": {
      "value": {},
      "type": [
        "object",
        {}
      ]
    }
  },
  "resources": [
    {
      "module": "module.private_subnet_az3",
      "mode": "managed",
      "type": "aws_subnet",
      "name": "subnetmodule",
      "provider": "provider.aws",
      "instances": [
        {
          "schema_version": 1,
          "attributes": {
            "arn": "arn:aws:ec2:ap-southeast-2:766888373385:subnet/subnet-032c5a5272d07e0d6",
            "assign_ipv6_address_on_creation": false,
            "availability_zone": "ap-southeast-2c",
            "availability_zone_id": "apse2-az2",
            "cidr_block": "10.0.16.0/23",
            "id": "subnet-032c5a5272d07e0d6",
            "ipv6_cidr_block": "",
            "ipv6_cidr_block_association_id": "",
            "map_public_ip_on_launch": false,
            "owner_id": "766888373385",
            "tags": {
              "Name": "Private AZ3"
            },
            "timeouts": null,
            "vpc_id": "vpc-06d1fc6431019f6fe"
          },
          "private": "eyJlMmJmYjczMC1lY2FhLTExZTYtOGY4OC0zNDM2M2JjN2M0YzAiOnsiY3JlYXRlIjo2MDAwMDAwMDAwMDAsImRlbGV0ZSI6MTIwMDAwMDAwMDAwMH0sInNjaGVtYV92ZXJzaW9uIjoiMSJ9",
          "dependencies": [
            "aws_vpc.main"
          ]
        }
      ]
    },
    {
      "module": "module.public_subnet_az2",
      "mode": "managed",
      "type": "aws_subnet",
      "name": "subnetmodule",
      "provider": "provider.aws",
      "instances": [
        {
          "schema_version": 1,
          "attributes": {
            "arn": "arn:aws:ec2:ap-southeast-2:766888373385:subnet/subnet-0ac3ea122676d274d",
            "assign_ipv6_address_on_creation": false,
            "availability_zone": "ap-southeast-2b",
            "availability_zone_id": "apse2-az3",
            "cidr_block": "10.0.4.0/23",
            "id": "subnet-0ac3ea122676d274d",
            "ipv6_cidr_block": "",
            "ipv6_cidr_block_association_id": "",
            "map_public_ip_on_launch": false,
            "owner_id": "766888373385",
            "tags": {
              "Name": "Public AZ2"
            },
            "timeouts": null,
            "vpc_id": "vpc-06d1fc6431019f6fe"
          },
          "private": "eyJlMmJmYjczMC1lY2FhLTExZTYtOGY4OC0zNDM2M2JjN2M0YzAiOnsiY3JlYXRlIjo2MDAwMDAwMDAwMDAsImRlbGV0ZSI6MTIwMDAwMDAwMDAwMH0sInNjaGVtYV92ZXJzaW9uIjoiMSJ9",
          "dependencies": [
            "aws_vpc.main"
          ]
        }
      ]
    },
    {
      "module": "module.data_subnet_az2",
      "mode": "managed",
      "type": "aws_subnet",
      "name": "subnetmodule",
      "provider": "provider.aws",
      "instances": [
        {
          "schema_version": 1,
          "attributes": {
            "arn": "arn:aws:ec2:ap-southeast-2:766888373385:subnet/subnet-03c8dd5d738ab3d05",
            "assign_ipv6_address_on_creation": false,
            "availability_zone": "ap-southeast-2b",
            "availability_zone_id": "apse2-az3",
            "cidr_block": "10.0.22.0/23",
            "id": "subnet-03c8dd5d738ab3d05",
            "ipv6_cidr_block": "",
            "ipv6_cidr_block_association_id": "",
            "map_public_ip_on_launch": false,
            "owner_id": "766888373385",
            "tags": {
              "Name": "Data AZ2"
            },
            "timeouts": null,
            "vpc_id": "vpc-06d1fc6431019f6fe"
          },
          "private": "eyJlMmJmYjczMC1lY2FhLTExZTYtOGY4OC0zNDM2M2JjN2M0YzAiOnsiY3JlYXRlIjo2MDAwMDAwMDAwMDAsImRlbGV0ZSI6MTIwMDAwMDAwMDAwMH0sInNjaGVtYV92ZXJzaW9uIjoiMSJ9",
          "dependencies": [
            "aws_vpc.main"
          ]
        }
      ]
    },
    {
      "module": "module.public_subnet_az3",
      "mode": "managed",
      "type": "aws_subnet",
      "name": "subnetmodule",
      "provider": "provider.aws",
      "instances": [
        {
          "schema_version": 1,
          "attributes": {
            "arn": "arn:aws:ec2:ap-southeast-2:766888373385:subnet/subnet-095f1736e10a9c0f9",
            "assign_ipv6_address_on_creation": false,
            "availability_zone": "ap-southeast-2c",
            "availability_zone_id": "apse2-az2",
            "cidr_block": "10.0.6.0/23",
            "id": "subnet-095f1736e10a9c0f9",
            "ipv6_cidr_block": "",
            "ipv6_cidr_block_association_id": "",
            "map_public_ip_on_launch": false,
            "owner_id": "766888373385",
            "tags": {
              "Name": "Public AZ3"
            },
            "timeouts": null,
            "vpc_id": "vpc-06d1fc6431019f6fe"
          },
          "private": "eyJlMmJmYjczMC1lY2FhLTExZTYtOGY4OC0zNDM2M2JjN2M0YzAiOnsiY3JlYXRlIjo2MDAwMDAwMDAwMDAsImRlbGV0ZSI6MTIwMDAwMDAwMDAwMH0sInNjaGVtYV92ZXJzaW9uIjoiMSJ9",
          "dependencies": [
            "aws_vpc.main"
          ]
        }
      ]
    },
    {
      "module": "module.data_subnet_az1",
      "mode": "managed",
      "type": "aws_subnet",
      "name": "subnetmodule",
      "provider": "provider.aws",
      "instances": [
        {
          "schema_version": 1,
          "attributes": {
            "arn": "arn:aws:ec2:ap-southeast-2:766888373385:subnet/subnet-0bb7467ec90ceb3cb",
            "assign_ipv6_address_on_creation": false,
            "availability_zone": "ap-southeast-2a",
            "availability_zone_id": "apse2-az1",
            "cidr_block": "10.0.20.0/23",
            "id": "subnet-0bb7467ec90ceb3cb",
            "ipv6_cidr_block": "",
            "ipv6_cidr_block_association_id": "",
            "map_public_ip_on_launch": false,
            "owner_id": "766888373385",
            "tags": {
              "Name": "Data AZ1"
            },
            "timeouts": null,
            "vpc_id": "vpc-06d1fc6431019f6fe"
          },
          "private": "eyJlMmJmYjczMC1lY2FhLTExZTYtOGY4OC0zNDM2M2JjN2M0YzAiOnsiY3JlYXRlIjo2MDAwMDAwMDAwMDAsImRlbGV0ZSI6MTIwMDAwMDAwMDAwMH0sInNjaGVtYV92ZXJzaW9uIjoiMSJ9",
          "dependencies": [
            "aws_vpc.main"
          ]
        }
      ]
    },
    {
      "module": "module.public_subnet_az1",
      "mode": "managed",
      "type": "aws_subnet",
      "name": "subnetmodule",
      "provider": "provider.aws",
      "instances": [
        {
          "schema_version": 1,
          "attributes": {
            "arn": "arn:aws:ec2:ap-southeast-2:766888373385:subnet/subnet-0b7bea5337d063169",
            "assign_ipv6_address_on_creation": false,
            "availability_zone": "ap-southeast-2a",
            "availability_zone_id": "apse2-az1",
            "cidr_block": "10.0.2.0/23",
            "id": "subnet-0b7bea5337d063169",
            "ipv6_cidr_block": "",
            "ipv6_cidr_block_association_id": "",
            "map_public_ip_on_launch": false,
            "owner_id": "766888373385",
            "tags": {
              "Name": "Public AZ1"
            },
            "timeouts": null,
            "vpc_id": "vpc-06d1fc6431019f6fe"
          },
          "private": "eyJlMmJmYjczMC1lY2FhLTExZTYtOGY4OC0zNDM2M2JjN2M0YzAiOnsiY3JlYXRlIjo2MDAwMDAwMDAwMDAsImRlbGV0ZSI6MTIwMDAwMDAwMDAwMH0sInNjaGVtYV92ZXJzaW9uIjoiMSJ9",
          "dependencies": [
            "aws_vpc.main"
          ]
        }
      ]
    },
    {
      "module": "module.private_subnet_az2",
      "mode": "managed",
      "type": "aws_subnet",
      "name": "subnetmodule",
      "provider": "provider.aws",
      "instances": [
        {
          "schema_version": 1,
          "attributes": {
            "arn": "arn:aws:ec2:ap-southeast-2:766888373385:subnet/subnet-0b9c4204fcf5f62d5",
            "assign_ipv6_address_on_creation": false,
            "availability_zone": "ap-southeast-2b",
            "availability_zone_id": "apse2-az3",
            "cidr_block": "10.0.12.0/23",
            "id": "subnet-0b9c4204fcf5f62d5",
            "ipv6_cidr_block": "",
            "ipv6_cidr_block_association_id": "",
            "map_public_ip_on_launch": false,
            "owner_id": "766888373385",
            "tags": {
              "Name": "Private AZ2"
            },
            "timeouts": null,
            "vpc_id": "vpc-06d1fc6431019f6fe"
          },
          "private": "eyJlMmJmYjczMC1lY2FhLTExZTYtOGY4OC0zNDM2M2JjN2M0YzAiOnsiY3JlYXRlIjo2MDAwMDAwMDAwMDAsImRlbGV0ZSI6MTIwMDAwMDAwMDAwMH0sInNjaGVtYV92ZXJzaW9uIjoiMSJ9",
          "dependencies": [
            "aws_vpc.main"
          ]
        }
      ]
    },
    {
      "module": "module.data_subnet_az3",
      "mode": "managed",
      "type": "aws_subnet",
      "name": "subnetmodule",
      "provider": "provider.aws",
      "instances": [
        {
          "schema_version": 1,
          "attributes": {
            "arn": "arn:aws:ec2:ap-southeast-2:766888373385:subnet/subnet-00c57fd0ee014215f",
            "assign_ipv6_address_on_creation": false,
            "availability_zone": "ap-southeast-2c",
            "availability_zone_id": "apse2-az2",
            "cidr_block": "10.0.24.0/23",
            "id": "subnet-00c57fd0ee014215f",
            "ipv6_cidr_block": "",
            "ipv6_cidr_block_association_id": "",
            "map_public_ip_on_launch": false,
            "owner_id": "766888373385",
            "tags": {
              "Name": "Private AZ3"
            },
            "timeouts": null,
            "vpc_id": "vpc-06d1fc6431019f6fe"
          },
          "private": "eyJlMmJmYjczMC1lY2FhLTExZTYtOGY4OC0zNDM2M2JjN2M0YzAiOnsiY3JlYXRlIjo2MDAwMDAwMDAwMDAsImRlbGV0ZSI6MTIwMDAwMDAwMDAwMH0sInNjaGVtYV92ZXJzaW9uIjoiMSJ9",
          "dependencies": [
            "aws_vpc.main"
          ]
        }
      ]
    },
    {
      "module": "module.private_subnet_az1",
      "mode": "managed",
      "type": "aws_subnet",
      "name": "subnetmodule",
      "provider": "provider.aws",
      "instances": [
        {
          "schema_version": 1,
          "attributes": {
            "arn": "arn:aws:ec2:ap-southeast-2:766888373385:subnet/subnet-0c2808b26b3b101e9",
            "assign_ipv6_address_on_creation": false,
            "availability_zone": "ap-southeast-2a",
            "availability_zone_id": "apse2-az1",
            "cidr_block": "10.0.8.0/23",
            "id": "subnet-0c2808b26b3b101e9",
            "ipv6_cidr_block": "",
            "ipv6_cidr_block_association_id": "",
            "map_public_ip_on_launch": false,
            "owner_id": "766888373385",
            "tags": {
              "Name": "Private AZ1"
            },
            "timeouts": null,
            "vpc_id": "vpc-06d1fc6431019f6fe"
          },
          "private": "eyJlMmJmYjczMC1lY2FhLTExZTYtOGY4OC0zNDM2M2JjN2M0YzAiOnsiY3JlYXRlIjo2MDAwMDAwMDAwMDAsImRlbGV0ZSI6MTIwMDAwMDAwMDAwMH0sInNjaGVtYV92ZXJzaW9uIjoiMSJ9",
          "dependencies": [
            "aws_vpc.main"
          ]
        }
      ]
    },
    {
      "mode": "managed",
      "type": "aws_vpc",
      "name": "main",
      "provider": "provider.aws",
      "instances": [
        {
          "schema_version": 1,
          "attributes": {
            "arn": "arn:aws:ec2:ap-southeast-2:766888373385:vpc/vpc-06d1fc6431019f6fe",
            "assign_generated_ipv6_cidr_block": false,
            "cidr_block": "10.0.0.0/19",
            "default_network_acl_id": "acl-08f1a7d1b9d5ab350",
            "default_route_table_id": "rtb-03adfc2d67d92146f",
            "default_security_group_id": "sg-0190ea33ce9f44a07",
            "dhcp_options_id": "dopt-d63466b1",
            "enable_classiclink": false,
            "enable_classiclink_dns_support": false,
            "enable_dns_hostnames": false,
            "enable_dns_support": true,
            "id": "vpc-06d1fc6431019f6fe",
            "instance_tenancy": "default",
            "ipv6_association_id": "",
            "ipv6_cidr_block": "",
            "main_route_table_id": "rtb-03adfc2d67d92146f",
            "owner_id": "766888373385",
            "tags": {
              "Name": "CIDR Demo"
            }
          },
          "private": "eyJzY2hlbWFfdmVyc2lvbiI6IjEifQ=="
        }
      ]
    }
  ]
}
